// !$*UTF8*$!
{
	archiveVersion = 1;
	classes = {
	};
	objectVersion = 56;
	objects = {

/* Begin PBXBuildFile section */
		9F9902F52A9A74190034A082 /* NganHang.cpp in Sources */ = {isa = PBXBuildFile; fileRef = 9F9902EA2A9A74180034A082 /* NganHang.cpp */; };
/* End PBXBuildFile section */

/* Begin PBXCopyFilesBuildPhase section */
		8EC06B4D2A3059F800653B05 /* CopyFiles */ = {
			isa = PBXCopyFilesBuildPhase;
			buildActionMask = 2147483647;
			dstPath = /usr/share/man/man1/;
			dstSubfolderSpec = 0;
			files = (
			);
			runOnlyForDeploymentPostprocessing = 1;
		};
/* End PBXCopyFilesBuildPhase section */

/* Begin PBXFileReference section */
		8EC06B4F2A3059F800653B05 /* IT002-8 */ = {isa = PBXFileReference; explicitFileType = "compiled.mach-o.executable"; includeInIndex = 0; name = "IT002-8"; path = "/Users/thinnn/Downloads/Lập Trình Hướng Đối Tượng/IT002-8/build/Debug/IT002-8"; sourceTree = "<absolute>"; };
		9F9902E82A9A74180034A082 /* KhachHang.h */ = {isa = PBXFileReference; fileEncoding = 4; lastKnownFileType = sourcecode.c.h; name = KhachHang.h; path = "IT002-8/Quản Lý Ngân Hàng/KhachHang.h"; sourceTree = "<group>"; };
		9F9902E92A9A74180034A082 /* KhachHang_Class.h */ = {isa = PBXFileReference; fileEncoding = 4; lastKnownFileType = sourcecode.c.h; name = KhachHang_Class.h; path = "IT002-8/Quản Lý Ngân Hàng/KhachHang_Class.h"; sourceTree = "<group>"; };
		9F9902EA2A9A74180034A082 /* NganHang.cpp */ = {isa = PBXFileReference; fileEncoding = 4; lastKnownFileType = sourcecode.cpp.cpp; name = NganHang.cpp; path = "IT002-8/Quản Lý Ngân Hàng/NganHang.cpp"; sourceTree = "<group>"; };
		9F9902EB2A9A74180034A082 /* TietKiem_Class.h */ = {isa = PBXFileReference; fileEncoding = 4; lastKnownFileType = sourcecode.c.h; name = TietKiem_Class.h; path = "IT002-8/Quản Lý Ngân Hàng/TietKiem_Class.h"; sourceTree = "<group>"; };
		9F9902EC2A9A74180034A082 /* VangLai_Class.h */ = {isa = PBXFileReference; fileEncoding = 4; lastKnownFileType = sourcecode.c.h; name = VangLai_Class.h; path = "IT002-8/Quản Lý Ngân Hàng/VangLai_Class.h"; sourceTree = "<group>"; };
		9F9902ED2A9A74180034A082 /* NganHang.hpp */ = {isa = PBXFileReference; fileEncoding = 4; lastKnownFileType = sourcecode.cpp.h; name = NganHang.hpp; path = "IT002-8/Quản Lý Ngân Hàng/NganHang.hpp"; sourceTree = "<group>"; };
		9F9902EE2A9A74190034A082 /* TietKiem.h */ = {isa = PBXFileReference; fileEncoding = 4; lastKnownFileType = sourcecode.c.h; name = TietKiem.h; path = "IT002-8/Quản Lý Ngân Hàng/TietKiem.h"; sourceTree = "<group>"; };
		9F9902EF2A9A74190034A082 /* VangLai.h */ = {isa = PBXFileReference; fileEncoding = 4; lastKnownFileType = sourcecode.c.h; name = VangLai.h; path = "IT002-8/Quản Lý Ngân Hàng/VangLai.h"; sourceTree = "<group>"; };
		9F9902F12A9A74190034A082 /* NganHang_Class.h */ = {isa = PBXFileReference; fileEncoding = 4; lastKnownFileType = sourcecode.c.h; name = NganHang_Class.h; path = "IT002-8/Quản Lý Ngân Hàng/NganHang_Class.h"; sourceTree = "<group>"; };
		9F9902F22A9A74190034A082 /* TaiKhoan_Class.h */ = {isa = PBXFileReference; fileEncoding = 4; lastKnownFileType = sourcecode.c.h; name = TaiKhoan_Class.h; path = "IT002-8/Quản Lý Ngân Hàng/TaiKhoan_Class.h"; sourceTree = "<group>"; };
		9F9902F32A9A74190034A082 /* NganHang.h */ = {isa = PBXFileReference; fileEncoding = 4; lastKnownFileType = sourcecode.c.h; name = NganHang.h; path = "IT002-8/Quản Lý Ngân Hàng/NganHang.h"; sourceTree = "<group>"; };
		9F9902F42A9A74190034A082 /* TaiKhoan.h */ = {isa = PBXFileReference; fileEncoding = 4; lastKnownFileType = sourcecode.c.h; name = TaiKhoan.h; path = "IT002-8/Quản Lý Ngân Hàng/TaiKhoan.h"; sourceTree = "<group>"; };
/* End PBXFileReference section */

/* Begin PBXFrameworksBuildPhase section */
		8EC06B4C2A3059F800653B05 /* Frameworks */ = {
			isa = PBXFrameworksBuildPhase;
			buildActionMask = 2147483647;
			files = (
			);
			runOnlyForDeploymentPostprocessing = 0;
		};
/* End PBXFrameworksBuildPhase section */

/* Begin PBXGroup section */
		8EC06B462A3059F800653B05 = {
			isa = PBXGroup;
			children = (
				9F9902EA2A9A74180034A082 /* NganHang.cpp */,
				9F9902ED2A9A74180034A082 /* NganHang.hpp */,
				9F9902F12A9A74190034A082 /* NganHang_Class.h */,
				9F9902F32A9A74190034A082 /* NganHang.h */,
				9F9902E92A9A74180034A082 /* KhachHang_Class.h */,
				9F9902E82A9A74180034A082 /* KhachHang.h */,
				9F9902F22A9A74190034A082 /* TaiKhoan_Class.h */,
				9F9902F42A9A74190034A082 /* TaiKhoan.h */,
				9F9902EB2A9A74180034A082 /* TietKiem_Class.h */,
				9F9902EE2A9A74190034A082 /* TietKiem.h */,
				9F9902EC2A9A74180034A082 /* VangLai_Class.h */,
				9F9902EF2A9A74190034A082 /* VangLai.h */,
			);
			sourceTree = "<group>";
		};
/* End PBXGroup section */

/* Begin PBXNativeTarget section */
		8EC06B4E2A3059F800653B05 /* IT002-8 */ = {
			isa = PBXNativeTarget;
			buildConfigurationList = 8EC06B562A3059F800653B05 /* Build configuration list for PBXNativeTarget "IT002-8" */;
			buildPhases = (
				8EC06B4B2A3059F800653B05 /* Sources */,
				8EC06B4C2A3059F800653B05 /* Frameworks */,
				8EC06B4D2A3059F800653B05 /* CopyFiles */,
			);
			buildRules = (
			);
			dependencies = (
			);
			name = "IT002-8";
			productName = "IT002-8";
			productReference = 8EC06B4F2A3059F800653B05 /* IT002-8 */;
			productType = "com.apple.product-type.tool";
		};
/* End PBXNativeTarget section */

/* Begin PBXProject section */
		8EC06B472A3059F800653B05 /* Project object */ = {
			isa = PBXProject;
			attributes = {
				BuildIndependentTargetsInParallel = 1;
				LastUpgradeCheck = 1430;
				TargetAttributes = {
					8EC06B4E2A3059F800653B05 = {
						CreatedOnToolsVersion = 14.3.1;
					};
				};
			};
			buildConfigurationList = 8EC06B4A2A3059F800653B05 /* Build configuration list for PBXProject "IT002-8" */;
			compatibilityVersion = "Xcode 14.0";
			developmentRegion = en;
			hasScannedForEncodings = 0;
			knownRegions = (
				en,
				Base,
			);
			mainGroup = 8EC06B462A3059F800653B05;
			productRefGroup = 8EC06B462A3059F800653B05;
			projectDirPath = "";
			projectRoot = "";
			targets = (
				8EC06B4E2A3059F800653B05 /* IT002-8 */,
			);
		};
/* End PBXProject section */

/* Begin PBXSourcesBuildPhase section */
		8EC06B4B2A3059F800653B05 /* Sources */ = {
			isa = PBXSourcesBuildPhase;
			buildActionMask = 2147483647;
			files = (
				9F9902F52A9A74190034A082 /* NganHang.cpp in Sources */,
			);
			runOnlyForDeploymentPostprocessing = 0;
		};
/* End PBXSourcesBuildPhase section */

/* Begin XCBuildConfiguration section */
		8EC06B542A3059F800653B05 /* Debug */ = {
			isa = XCBuildConfiguration;
			buildSettings = {
				ALWAYS_SEARCH_USER_PATHS = NO;
				CLANG_ANALYZER_NONNULL = YES;
				CLANG_ANALYZER_NUMBER_OBJECT_CONVERSION = YES_AGGRESSIVE;
				CLANG_CXX_LANGUAGE_STANDARD = "gnu++20";
				CLANG_ENABLE_MODULES = YES;
				CLANG_ENABLE_OBJC_ARC = YES;
				CLANG_ENABLE_OBJC_WEAK = YES;
				CLANG_WARN_BLOCK_CAPTURE_AUTORELEASING = YES;
				CLANG_WARN_BOOL_CONVERSION = YES;
				CLANG_WARN_COMMA = YES;
				CLANG_WARN_CONSTANT_CONVERSION = YES;
				CLANG_WARN_DEPRECATED_OBJC_IMPLEMENTATIONS = YES;
				CLANG_WARN_DIRECT_OBJC_ISA_USAGE = YES_ERROR;
				CLANG_WARN_DOCUMENTATION_COMMENTS = YES;
				CLANG_WARN_EMPTY_BODY = YES;
				CLANG_WARN_ENUM_CONVERSION = YES;
				CLANG_WARN_INFINITE_RECURSION = YES;
				CLANG_WARN_INT_CONVERSION = YES;
				CLANG_WARN_NON_LITERAL_NULL_CONVERSION = YES;
				CLANG_WARN_OBJC_IMPLICIT_RETAIN_SELF = YES;
				CLANG_WARN_OBJC_LITERAL_CONVERSION = YES;
				CLANG_WARN_OBJC_ROOT_CLASS = YES_ERROR;
				CLANG_WARN_QUOTED_INCLUDE_IN_FRAMEWORK_HEADER = YES;
				CLANG_WARN_RANGE_LOOP_ANALYSIS = YES;
				CLANG_WARN_STRICT_PROTOTYPES = YES;
				CLANG_WARN_SUSPICIOUS_MOVE = YES;
				CLANG_WARN_UNGUARDED_AVAILABILITY = YES_AGGRESSIVE;
				CLANG_WARN_UNREACHABLE_CODE = YES;
				CLANG_WARN__DUPLICATE_METHOD_MATCH = YES;
				COPY_PHASE_STRIP = NO;
				DEBUG_INFORMATION_FORMAT = dwarf;
				ENABLE_STRICT_OBJC_MSGSEND = YES;
				ENABLE_TESTABILITY = YES;
				GCC_C_LANGUAGE_STANDARD = gnu11;
				GCC_DYNAMIC_NO_PIC = NO;
				GCC_NO_COMMON_BLOCKS = YES;
				GCC_OPTIMIZATION_LEVEL = 0;
				GCC_PREPROCESSOR_DEFINITIONS = (
					"DEBUG=1",
					"$(inherited)",
				);
				GCC_WARN_64_TO_32_BIT_CONVERSION = YES;
				GCC_WARN_ABOUT_RETURN_TYPE = YES_ERROR;
				GCC_WARN_UNDECLARED_SELECTOR = YES;
				GCC_WARN_UNINITIALIZED_AUTOS = YES_AGGRESSIVE;
				GCC_WARN_UNUSED_FUNCTION = YES;
				GCC_WARN_UNUSED_VARIABLE = YES;
				MACOSX_DEPLOYMENT_TARGET = 13.3;
				MTL_ENABLE_DEBUG_INFO = INCLUDE_SOURCE;
				MTL_FAST_MATH = YES;
				ONLY_ACTIVE_ARCH = YES;
				SDKROOT = macosx;
			};
			name = Debug;
		};
		8EC06B552A3059F800653B05 /* Release */ = {
			isa = XCBuildConfiguration;
			buildSettings = {
				ALWAYS_SEARCH_USER_PATHS = NO;
				CLANG_ANALYZER_NONNULL = YES;
				CLANG_ANALYZER_NUMBER_OBJECT_CONVERSION = YES_AGGRESSIVE;
				CLANG_CXX_LANGUAGE_STANDARD = "gnu++20";
				CLANG_ENABLE_MODULES = YES;
				CLANG_ENABLE_OBJC_ARC = YES;
				CLANG_ENABLE_OBJC_WEAK = YES;
				CLANG_WARN_BLOCK_CAPTURE_AUTORELEASING = YES;
				CLANG_WARN_BOOL_CONVERSION = YES;
				CLANG_WARN_COMMA = YES;
				CLANG_WARN_CONSTANT_CONVERSION = YES;
				CLANG_WARN_DEPRECATED_OBJC_IMPLEMENTATIONS = YES;
				CLANG_WARN_DIRECT_OBJC_ISA_USAGE = YES_ERROR;
				CLANG_WARN_DOCUMENTATION_COMMENTS = YES;
				CLANG_WARN_EMPTY_BODY = YES;
				CLANG_WARN_ENUM_CONVERSION = YES;
				CLANG_WARN_INFINITE_RECURSION = YES;
				CLANG_WARN_INT_CONVERSION = YES;
				CLANG_WARN_NON_LITERAL_NULL_CONVERSION = YES;
				CLANG_WARN_OBJC_IMPLICIT_RETAIN_SELF = YES;
				CLANG_WARN_OBJC_LITERAL_CONVERSION = YES;
				CLANG_WARN_OBJC_ROOT_CLASS = YES_ERROR;
				CLANG_WARN_QUOTED_INCLUDE_IN_FRAMEWORK_HEADER = YES;
				CLANG_WARN_RANGE_LOOP_ANALYSIS = YES;
				CLANG_WARN_STRICT_PROTOTYPES = YES;
				CLANG_WARN_SUSPICIOUS_MOVE = YES;
				CLANG_WARN_UNGUARDED_AVAILABILITY = YES_AGGRESSIVE;
				CLANG_WARN_UNREACHABLE_CODE = YES;
				CLANG_WARN__DUPLICATE_METHOD_MATCH = YES;
				COPY_PHASE_STRIP = NO;
				DEBUG_INFORMATION_FORMAT = "dwarf-with-dsym";
				ENABLE_NS_ASSERTIONS = NO;
				ENABLE_STRICT_OBJC_MSGSEND = YES;
				GCC_C_LANGUAGE_STANDARD = gnu11;
				GCC_NO_COMMON_BLOCKS = YES;
				GCC_WARN_64_TO_32_BIT_CONVERSION = YES;
				GCC_WARN_ABOUT_RETURN_TYPE = YES_ERROR;
				GCC_WARN_UNDECLARED_SELECTOR = YES;
				GCC_WARN_UNINITIALIZED_AUTOS = YES_AGGRESSIVE;
				GCC_WARN_UNUSED_FUNCTION = YES;
				GCC_WARN_UNUSED_VARIABLE = YES;
				MACOSX_DEPLOYMENT_TARGET = 13.3;
				MTL_ENABLE_DEBUG_INFO = NO;
				MTL_FAST_MATH = YES;
				SDKROOT = macosx;
			};
			name = Release;
		};
		8EC06B572A3059F800653B05 /* Debug */ = {
			isa = XCBuildConfiguration;
			buildSettings = {
				CODE_SIGN_STYLE = Automatic;
				DEVELOPMENT_TEAM = VB6H333VUQ;
				ENABLE_HARDENED_RUNTIME = YES;
				PRODUCT_NAME = "$(TARGET_NAME)";
			};
			name = Debug;
		};
		8EC06B582A3059F800653B05 /* Release */ = {
			isa = XCBuildConfiguration;
			buildSettings = {
				CODE_SIGN_STYLE = Automatic;
				DEVELOPMENT_TEAM = VB6H333VUQ;
				ENABLE_HARDENED_RUNTIME = YES;
				PRODUCT_NAME = "$(TARGET_NAME)";
			};
			name = Release;
		};
/* End XCBuildConfiguration section */

/* Begin XCConfigurationList section */
		8EC06B4A2A3059F800653B05 /* Build configuration list for PBXProject "IT002-8" */ = {
			isa = XCConfigurationList;
			buildConfigurations = (
				8EC06B542A3059F800653B05 /* Debug */,
				8EC06B552A3059F800653B05 /* Release */,
			);
			defaultConfigurationIsVisible = 0;
			defaultConfigurationName = Release;
		};
		8EC06B562A3059F800653B05 /* Build configuration list for PBXNativeTarget "IT002-8" */ = {
			isa = XCConfigurationList;
			buildConfigurations = (
				8EC06B572A3059F800653B05 /* Debug */,
				8EC06B582A3059F800653B05 /* Release */,
			);
			defaultConfigurationIsVisible = 0;
			defaultConfigurationName = Release;
		};
/* End XCConfigurationList section */
	};
	rootObject = 8EC06B472A3059F800653B05 /* Project object */;
}
